
Microsoft Visual Studio Solution File, Format Version 12.00
Project("{FAE04EC0-301F-11D3-BF4B-00C04F79EFBC}") = "Fuji.Core", "Fuji.Core\Fuji.Core.csproj", "{F15A2E8C-D981-4799-8E28-AA674850BF6B}"
EndProject
Project("{FAE04EC0-301F-11D3-BF4B-00C04F79EFBC}") = "Fuji.Generator", "Fuji.Generator\Fuji.Generator.csproj", "{EC9C64F5-32D4-46BC-AF29-F68C981B0162}"
EndProject
Project("{FAE04EC0-301F-11D3-BF4B-00C04F79EFBC}") = "Fuji.Generated", "Fuji.Generated\Fuji.Generated.csproj", "{16BAED31-324C-451E-9879-EE0F71384007}"
EndProject
Project("{FAE04EC0-301F-11D3-BF4B-00C04F79EFBC}") = "Fuji.Generated.Tests", "Fuji.Generated.Tests\Fuji.Generated.Tests.csproj", "{64518294-4509-4D77-A0CB-F66F50E54DE9}"
EndProject
Project("{FAE04EC0-301F-11D3-BF4B-00C04F79EFBC}") = "Fuji.Generated.Services", "Fuji.Generated.Services\Fuji.Generated.Services.csproj", "{A98BCEFC-2920-4480-9B4B-85FA462C87BA}"
EndProject
Project("{FAE04EC0-301F-11D3-BF4B-00C04F79EFBC}") = "Fuji.Generator.Tests", "Fuji.Generator.Tests\Fuji.Generator.Tests.csproj", "{25F7B51A-2D91-4CF5-ADFA-B7EC87CA5D80}"
EndProject
Global
	GlobalSection(SolutionConfigurationPlatforms) = preSolution
		Debug|Any CPU = Debug|Any CPU
		Release|Any CPU = Release|Any CPU
	EndGlobalSection
	GlobalSection(ProjectConfigurationPlatforms) = postSolution
		{F15A2E8C-D981-4799-8E28-AA674850BF6B}.Debug|Any CPU.ActiveCfg = Debug|Any CPU
		{F15A2E8C-D981-4799-8E28-AA674850BF6B}.Debug|Any CPU.Build.0 = Debug|Any CPU
		{F15A2E8C-D981-4799-8E28-AA674850BF6B}.Release|Any CPU.ActiveCfg = Release|Any CPU
		{F15A2E8C-D981-4799-8E28-AA674850BF6B}.Release|Any CPU.Build.0 = Release|Any CPU
		{EC9C64F5-32D4-46BC-AF29-F68C981B0162}.Debug|Any CPU.ActiveCfg = Debug|Any CPU
		{EC9C64F5-32D4-46BC-AF29-F68C981B0162}.Debug|Any CPU.Build.0 = Debug|Any CPU
		{EC9C64F5-32D4-46BC-AF29-F68C981B0162}.Release|Any CPU.ActiveCfg = Release|Any CPU
		{EC9C64F5-32D4-46BC-AF29-F68C981B0162}.Release|Any CPU.Build.0 = Release|Any CPU
		{16BAED31-324C-451E-9879-EE0F71384007}.Debug|Any CPU.ActiveCfg = Debug|Any CPU
		{16BAED31-324C-451E-9879-EE0F71384007}.Debug|Any CPU.Build.0 = Debug|Any CPU
		{16BAED31-324C-451E-9879-EE0F71384007}.Release|Any CPU.ActiveCfg = Release|Any CPU
		{16BAED31-324C-451E-9879-EE0F71384007}.Release|Any CPU.Build.0 = Release|Any CPU
		{64518294-4509-4D77-A0CB-F66F50E54DE9}.Debug|Any CPU.ActiveCfg = Debug|Any CPU
		{64518294-4509-4D77-A0CB-F66F50E54DE9}.Debug|Any CPU.Build.0 = Debug|Any CPU
		{64518294-4509-4D77-A0CB-F66F50E54DE9}.Release|Any CPU.ActiveCfg = Release|Any CPU
		{64518294-4509-4D77-A0CB-F66F50E54DE9}.Release|Any CPU.Build.0 = Release|Any CPU
		{A98BCEFC-2920-4480-9B4B-85FA462C87BA}.Debug|Any CPU.ActiveCfg = Debug|Any CPU
		{A98BCEFC-2920-4480-9B4B-85FA462C87BA}.Debug|Any CPU.Build.0 = Debug|Any CPU
		{A98BCEFC-2920-4480-9B4B-85FA462C87BA}.Release|Any CPU.ActiveCfg = Release|Any CPU
		{A98BCEFC-2920-4480-9B4B-85FA462C87BA}.Release|Any CPU.Build.0 = Release|Any CPU
		{25F7B51A-2D91-4CF5-ADFA-B7EC87CA5D80}.Debug|Any CPU.ActiveCfg = Debug|Any CPU
		{25F7B51A-2D91-4CF5-ADFA-B7EC87CA5D80}.Debug|Any CPU.Build.0 = Debug|Any CPU
		{25F7B51A-2D91-4CF5-ADFA-B7EC87CA5D80}.Release|Any CPU.ActiveCfg = Release|Any CPU
		{25F7B51A-2D91-4CF5-ADFA-B7EC87CA5D80}.Release|Any CPU.Build.0 = Release|Any CPU
	EndGlobalSection
EndGlobal
